// !$*UTF8*$!
{
	archiveVersion = 1;
	classes = {
	};
	objectVersion = 45;
	objects = {

/* Begin PBXBuildFile section */
		44442ABC11515EC100C306FC /* libgslcblas.0.dylib in Frameworks */ = {isa = PBXBuildFile; fileRef = 44442ABB11515EC100C306FC /* libgslcblas.0.dylib */; };
		44442ABE11515F0500C306FC /* libapr-1.0.3.9.dylib in Frameworks */ = {isa = PBXBuildFile; fileRef = 44442ABD11515F0500C306FC /* libapr-1.0.3.9.dylib */; };
		44442AC011515F3000C306FC /* libaprutil-1.0.3.9.dylib in Frameworks */ = {isa = PBXBuildFile; fileRef = 44442ABF11515F3000C306FC /* libaprutil-1.0.3.9.dylib */; };
		44442B0A11519CF800C306FC /* mrqmin.c in Sources */ = {isa = PBXBuildFile; fileRef = 44442B0911519CF800C306FC /* mrqmin.c */; };
		44442B0D11519D0F00C306FC /* nrutil.c in Sources */ = {isa = PBXBuildFile; fileRef = 44442B0C11519D0F00C306FC /* nrutil.c */; };
		44442B1511519E3800C306FC /* fgauss.c in Sources */ = {isa = PBXBuildFile; fileRef = 44442B1411519E3800C306FC /* fgauss.c */; };
		44442B1711519E4100C306FC /* gasdev.c in Sources */ = {isa = PBXBuildFile; fileRef = 44442B1611519E4100C306FC /* gasdev.c */; };
		44442B1911519E4B00C306FC /* gaussj.c in Sources */ = {isa = PBXBuildFile; fileRef = 44442B1811519E4B00C306FC /* gaussj.c */; };
		44442B1B11519E5400C306FC /* mrqcof.c in Sources */ = {isa = PBXBuildFile; fileRef = 44442B1A11519E5400C306FC /* mrqcof.c */; };
		44442B2111519E6900C306FC /* covsrt.c in Sources */ = {isa = PBXBuildFile; fileRef = 44442B2011519E6900C306FC /* covsrt.c */; };
		44442B2311519E8400C306FC /* ran1.c in Sources */ = {isa = PBXBuildFile; fileRef = 44442B2211519E8400C306FC /* ran1.c */; };
		44AF99FD116CEB750040DEAD /* lm.c in Sources */ = {isa = PBXBuildFile; fileRef = 44AF99FC116CEB750040DEAD /* lm.c */; };
		44AF9A2A116CED2B0040DEAD /* Axb.c in Sources */ = {isa = PBXBuildFile; fileRef = 44AF9A29116CED2B0040DEAD /* Axb.c */; };
		44AF9A32116CEDC50040DEAD /* lmbc.c in Sources */ = {isa = PBXBuildFile; fileRef = 44AF9A31116CEDC50040DEAD /* lmbc.c */; };
		44AF9A3F116CEE570040DEAD /* misc.c in Sources */ = {isa = PBXBuildFile; fileRef = 44AF9A3E116CEE570040DEAD /* misc.c */; };
		44AF9A5B116CEF5A0040DEAD /* lmblec.c in Sources */ = {isa = PBXBuildFile; fileRef = 44AF9A5A116CEF5A0040DEAD /* lmblec.c */; };
		44AF9A64116CEFC90040DEAD /* lmbleic.c in Sources */ = {isa = PBXBuildFile; fileRef = 44AF9A63116CEFC90040DEAD /* lmbleic.c */; };
		44AF9A6A116CF0250040DEAD /* lmlec.c in Sources */ = {isa = PBXBuildFile; fileRef = 44AF9A69116CF0250040DEAD /* lmlec.c */; };
		44E099A4115D505C004460DA /* lmder.c in Sources */ = {isa = PBXBuildFile; fileRef = 44E099A3115D505C004460DA /* lmder.c */; };
		44E099C5115D52CF004460DA /* libgsl.0.dylib in Frameworks */ = {isa = PBXBuildFile; fileRef = 44442AB911515E7C00C306FC /* libgsl.0.dylib */; };
		8DD76FAC0486AB0100D96B5E /* main.c in Sources */ = {isa = PBXBuildFile; fileRef = 08FB7796FE84155DC02AAC07 /* main.c */; settings = {ATTRIBUTES = (); }; };
		8DD76FB00486AB0100D96B5E /* CurveFitting.1 in CopyFiles */ = {isa = PBXBuildFile; fileRef = C6A0FF2C0290799A04C91782 /* CurveFitting.1 */; };
/* End PBXBuildFile section */

/* Begin PBXCopyFilesBuildPhase section */
		8DD76FAF0486AB0100D96B5E /* CopyFiles */ = {
			isa = PBXCopyFilesBuildPhase;
			buildActionMask = 8;
			dstPath = /usr/share/man/man1/;
			dstSubfolderSpec = 0;
			files = (
				8DD76FB00486AB0100D96B5E /* CurveFitting.1 in CopyFiles */,
			);
			runOnlyForDeploymentPostprocessing = 1;
		};
/* End PBXCopyFilesBuildPhase section */

/* Begin PBXFileReference section */
		08FB7796FE84155DC02AAC07 /* main.c */ = {isa = PBXFileReference; fileEncoding = 4; lastKnownFileType = sourcecode.c.c; path = main.c; sourceTree = "<group>"; };
		44442AB911515E7C00C306FC /* libgsl.0.dylib */ = {isa = PBXFileReference; lastKnownFileType = "compiled.mach-o.dylib"; name = libgsl.0.dylib; path = /opt/local/lib/libgsl.0.dylib; sourceTree = "<absolute>"; };
		44442ABB11515EC100C306FC /* libgslcblas.0.dylib */ = {isa = PBXFileReference; lastKnownFileType = "compiled.mach-o.dylib"; name = libgslcblas.0.dylib; path = /opt/local/lib/libgslcblas.0.dylib; sourceTree = "<absolute>"; };
		44442ABD11515F0500C306FC /* libapr-1.0.3.9.dylib */ = {isa = PBXFileReference; lastKnownFileType = "compiled.mach-o.dylib"; name = "libapr-1.0.3.9.dylib"; path = "/opt/local/lib/libapr-1.0.3.9.dylib"; sourceTree = "<absolute>"; };
		44442ABF11515F3000C306FC /* libaprutil-1.0.3.9.dylib */ = {isa = PBXFileReference; lastKnownFileType = "compiled.mach-o.dylib"; name = "libaprutil-1.0.3.9.dylib"; path = "/opt/local/lib/libaprutil-1.0.3.9.dylib"; sourceTree = "<absolute>"; };
		44442B0911519CF800C306FC /* mrqmin.c */ = {isa = PBXFileReference; fileEncoding = 4; lastKnownFileType = sourcecode.c.c; path = mrqmin.c; sourceTree = "<group>"; };
		44442B0B11519D0600C306FC /* nr.h */ = {isa = PBXFileReference; fileEncoding = 4; lastKnownFileType = sourcecode.c.h; path = nr.h; sourceTree = "<group>"; };
		44442B0C11519D0F00C306FC /* nrutil.c */ = {isa = PBXFileReference; fileEncoding = 4; lastKnownFileType = sourcecode.c.c; path = nrutil.c; sourceTree = "<group>"; };
		44442B0E11519D1800C306FC /* nrutil.h */ = {isa = PBXFileReference; fileEncoding = 4; lastKnownFileType = sourcecode.c.h; path = nrutil.h; sourceTree = "<group>"; };
		44442B1411519E3800C306FC /* fgauss.c */ = {isa = PBXFileReference; fileEncoding = 4; lastKnownFileType = sourcecode.c.c; path = fgauss.c; sourceTree = "<group>"; };
		44442B1611519E4100C306FC /* gasdev.c */ = {isa = PBXFileReference; fileEncoding = 4; lastKnownFileType = sourcecode.c.c; path = gasdev.c; sourceTree = "<group>"; };
		44442B1811519E4B00C306FC /* gaussj.c */ = {isa = PBXFileReference; fileEncoding = 4; lastKnownFileType = sourcecode.c.c; path = gaussj.c; sourceTree = "<group>"; };
		44442B1A11519E5400C306FC /* mrqcof.c */ = {isa = PBXFileReference; fileEncoding = 4; lastKnownFileType = sourcecode.c.c; path = mrqcof.c; sourceTree = "<group>"; };
		44442B2011519E6900C306FC /* covsrt.c */ = {isa = PBXFileReference; fileEncoding = 4; lastKnownFileType = sourcecode.c.c; path = covsrt.c; sourceTree = "<group>"; };
		44442B2211519E8400C306FC /* ran1.c */ = {isa = PBXFileReference; fileEncoding = 4; lastKnownFileType = sourcecode.c.c; path = ran1.c; sourceTree = "<group>"; };
		44AF99D7116C17AE0040DEAD /* levmar.h */ = {isa = PBXFileReference; fileEncoding = 4; lastKnownFileType = sourcecode.c.h; path = levmar.h; sourceTree = "<group>"; };
		44AF99FC116CEB750040DEAD /* lm.c */ = {isa = PBXFileReference; fileEncoding = 4; lastKnownFileType = sourcecode.c.c; path = lm.c; sourceTree = "<group>"; };
		44AF9A29116CED2B0040DEAD /* Axb.c */ = {isa = PBXFileReference; fileEncoding = 4; lastKnownFileType = sourcecode.c.c; path = Axb.c; sourceTree = "<group>"; };
		44AF9A31116CEDC50040DEAD /* lmbc.c */ = {isa = PBXFileReference; fileEncoding = 4; lastKnownFileType = sourcecode.c.c; path = lmbc.c; sourceTree = "<group>"; };
		44AF9A3E116CEE570040DEAD /* misc.c */ = {isa = PBXFileReference; fileEncoding = 4; lastKnownFileType = sourcecode.c.c; path = misc.c; sourceTree = "<group>"; };
		44AF9A5A116CEF5A0040DEAD /* lmblec.c */ = {isa = PBXFileReference; fileEncoding = 4; lastKnownFileType = sourcecode.c.c; path = lmblec.c; sourceTree = "<group>"; };
		44AF9A63116CEFC90040DEAD /* lmbleic.c */ = {isa = PBXFileReference; fileEncoding = 4; lastKnownFileType = sourcecode.c.c; path = lmbleic.c; sourceTree = "<group>"; };
		44AF9A69116CF0250040DEAD /* lmlec.c */ = {isa = PBXFileReference; fileEncoding = 4; lastKnownFileType = sourcecode.c.c; path = lmlec.c; sourceTree = "<group>"; };
		44E0998C115D4E8A004460DA /* gsl_multifit_nlin.h */ = {isa = PBXFileReference; fileEncoding = 4; lastKnownFileType = sourcecode.c.h; name = gsl_multifit_nlin.h; path = gsl/gsl_multifit_nlin.h; sourceTree = "<group>"; };
		44E099A3115D505C004460DA /* lmder.c */ = {isa = PBXFileReference; fileEncoding = 4; lastKnownFileType = sourcecode.c.c; name = lmder.c; path = gsl/lmder.c; sourceTree = "<group>"; };
		8DD76FB20486AB0100D96B5E /* CurveFitting */ = {isa = PBXFileReference; explicitFileType = "compiled.mach-o.executable"; includeInIndex = 0; path = CurveFitting; sourceTree = BUILT_PRODUCTS_DIR; };
		C6A0FF2C0290799A04C91782 /* CurveFitting.1 */ = {isa = PBXFileReference; lastKnownFileType = text.man; path = CurveFitting.1; sourceTree = "<group>"; };
/* End PBXFileReference section */

/* Begin PBXFrameworksBuildPhase section */
		8DD76FAD0486AB0100D96B5E /* Frameworks */ = {
			isa = PBXFrameworksBuildPhase;
			buildActionMask = 2147483647;
			files = (
				44442ABC11515EC100C306FC /* libgslcblas.0.dylib in Frameworks */,
				44442ABE11515F0500C306FC /* libapr-1.0.3.9.dylib in Frameworks */,
				44442AC011515F3000C306FC /* libaprutil-1.0.3.9.dylib in Frameworks */,
				44E099C5115D52CF004460DA /* libgsl.0.dylib in Frameworks */,
			);
			runOnlyForDeploymentPostprocessing = 0;
		};
/* End PBXFrameworksBuildPhase section */

/* Begin PBXGroup section */
		08FB7794FE84155DC02AAC07 /* CurveFitting */ = {
			isa = PBXGroup;
			children = (
				44442ABF11515F3000C306FC /* libaprutil-1.0.3.9.dylib */,
				44442ABD11515F0500C306FC /* libapr-1.0.3.9.dylib */,
				44442ABB11515EC100C306FC /* libgslcblas.0.dylib */,
				44442AB911515E7C00C306FC /* libgsl.0.dylib */,
				08FB7795FE84155DC02AAC07 /* Source */,
				C6A0FF2B0290797F04C91782 /* Documentation */,
				1AB674ADFE9D54B511CA2CBB /* Products */,
			);
			name = CurveFitting;
			sourceTree = "<group>";
		};
		08FB7795FE84155DC02AAC07 /* Source */ = {
			isa = PBXGroup;
			children = (
				44AF9A69116CF0250040DEAD /* lmlec.c */,
				44AF9A63116CEFC90040DEAD /* lmbleic.c */,
				44AF9A5A116CEF5A0040DEAD /* lmblec.c */,
				44AF9A3E116CEE570040DEAD /* misc.c */,
				44AF9A31116CEDC50040DEAD /* lmbc.c */,
				44AF9A29116CED2B0040DEAD /* Axb.c */,
				44AF99FC116CEB750040DEAD /* lm.c */,
				44AF99D7116C17AE0040DEAD /* levmar.h */,
				44E099A3115D505C004460DA /* lmder.c */,
				44E0998C115D4E8A004460DA /* gsl_multifit_nlin.h */,
				44442B2211519E8400C306FC /* ran1.c */,
				44442B2011519E6900C306FC /* covsrt.c */,
				44442B1A11519E5400C306FC /* mrqcof.c */,
				44442B1811519E4B00C306FC /* gaussj.c */,
				44442B1611519E4100C306FC /* gasdev.c */,
				44442B1411519E3800C306FC /* fgauss.c */,
				44442B0E11519D1800C306FC /* nrutil.h */,
				44442B0C11519D0F00C306FC /* nrutil.c */,
				44442B0B11519D0600C306FC /* nr.h */,
				44442B0911519CF800C306FC /* mrqmin.c */,
				08FB7796FE84155DC02AAC07 /* main.c */,
			);
			name = Source;
			sourceTree = "<group>";
		};
		1AB674ADFE9D54B511CA2CBB /* Products */ = {
			isa = PBXGroup;
			children = (
				8DD76FB20486AB0100D96B5E /* CurveFitting */,
			);
			name = Products;
			sourceTree = "<group>";
		};
		C6A0FF2B0290797F04C91782 /* Documentation */ = {
			isa = PBXGroup;
			children = (
				C6A0FF2C0290799A04C91782 /* CurveFitting.1 */,
			);
			name = Documentation;
			sourceTree = "<group>";
		};
/* End PBXGroup section */

/* Begin PBXNativeTarget section */
		8DD76FA90486AB0100D96B5E /* CurveFitting */ = {
			isa = PBXNativeTarget;
			buildConfigurationList = 1DEB928508733DD80010E9CD /* Build configuration list for PBXNativeTarget "CurveFitting" */;
			buildPhases = (
				8DD76FAB0486AB0100D96B5E /* Sources */,
				8DD76FAD0486AB0100D96B5E /* Frameworks */,
				8DD76FAF0486AB0100D96B5E /* CopyFiles */,
			);
			buildRules = (
			);
			dependencies = (
			);
			name = CurveFitting;
			productInstallPath = "$(HOME)/bin";
			productName = CurveFitting;
			productReference = 8DD76FB20486AB0100D96B5E /* CurveFitting */;
			productType = "com.apple.product-type.tool";
		};
/* End PBXNativeTarget section */

/* Begin PBXProject section */
		08FB7793FE84155DC02AAC07 /* Project object */ = {
			isa = PBXProject;
			buildConfigurationList = 1DEB928908733DD80010E9CD /* Build configuration list for PBXProject "CurveFitting" */;
			compatibilityVersion = "Xcode 3.1";
			hasScannedForEncodings = 1;
			mainGroup = 08FB7794FE84155DC02AAC07 /* CurveFitting */;
			projectDirPath = "";
			projectRoot = "";
			targets = (
				8DD76FA90486AB0100D96B5E /* CurveFitting */,
			);
		};
/* End PBXProject section */

/* Begin PBXSourcesBuildPhase section */
		8DD76FAB0486AB0100D96B5E /* Sources */ = {
			isa = PBXSourcesBuildPhase;
			buildActionMask = 2147483647;
			files = (
				8DD76FAC0486AB0100D96B5E /* main.c in Sources */,
				44442B0A11519CF800C306FC /* mrqmin.c in Sources */,
				44442B0D11519D0F00C306FC /* nrutil.c in Sources */,
				44442B1511519E3800C306FC /* fgauss.c in Sources */,
				44442B1711519E4100C306FC /* gasdev.c in Sources */,
				44442B1911519E4B00C306FC /* gaussj.c in Sources */,
				44442B1B11519E5400C306FC /* mrqcof.c in Sources */,
				44442B2111519E6900C306FC /* covsrt.c in Sources */,
				44442B2311519E8400C306FC /* ran1.c in Sources */,
				44E099A4115D505C004460DA /* lmder.c in Sources */,
				44AF99FD116CEB750040DEAD /* lm.c in Sources */,
				44AF9A2A116CED2B0040DEAD /* Axb.c in Sources */,
				44AF9A32116CEDC50040DEAD /* lmbc.c in Sources */,
				44AF9A3F116CEE570040DEAD /* misc.c in Sources */,
				44AF9A5B116CEF5A0040DEAD /* lmblec.c in Sources */,
				44AF9A64116CEFC90040DEAD /* lmbleic.c in Sources */,
				44AF9A6A116CF0250040DEAD /* lmlec.c in Sources */,
			);
			runOnlyForDeploymentPostprocessing = 0;
		};
/* End PBXSourcesBuildPhase section */

/* Begin XCBuildConfiguration section */
		1DEB928608733DD80010E9CD /* Debug */ = {
			isa = XCBuildConfiguration;
			buildSettings = {
				ALWAYS_SEARCH_USER_PATHS = NO;
				COPY_PHASE_STRIP = NO;
				GCC_DYNAMIC_NO_PIC = NO;
				GCC_ENABLE_FIX_AND_CONTINUE = YES;
				GCC_MODEL_TUNING = G5;
				GCC_OPTIMIZATION_LEVEL = 0;
				INSTALL_PATH = /usr/local/bin;
				LIBRARY_SEARCH_PATHS = (
					"$(inherited)",
					/opt/local/lib,
				);
				PRODUCT_NAME = CurveFitting;
			};
			name = Debug;
		};
		1DEB928708733DD80010E9CD /* Release */ = {
			isa = XCBuildConfiguration;
			buildSettings = {
				ALWAYS_SEARCH_USER_PATHS = NO;
				DEBUG_INFORMATION_FORMAT = "dwarf-with-dsym";
				GCC_MODEL_TUNING = G5;
				INSTALL_PATH = /usr/local/bin;
				LIBRARY_SEARCH_PATHS = (
					"$(inherited)",
					/opt/local/lib,
				);
				PRODUCT_NAME = CurveFitting;
			};
			name = Release;
		};
		1DEB928A08733DD80010E9CD /* Debug */ = {
			isa = XCBuildConfiguration;
			buildSettings = {
				ARCHS = "$(ARCHS_STANDARD_32_64_BIT)";
				GCC_C_LANGUAGE_STANDARD = gnu99;
				GCC_OPTIMIZATION_LEVEL = 0;
				GCC_WARN_ABOUT_RETURN_TYPE = YES;
				GCC_WARN_UNUSED_VARIABLE = YES;
				HEADER_SEARCH_PATHS = /opt/local/include/;
				ONLY_ACTIVE_ARCH = YES;
				PREBINDING = NO;
				SDKROOT = macosx10.6;
			};
			name = Debug;
		};
		1DEB928B08733DD80010E9CD /* Release */ = {
			isa = XCBuildConfiguration;
			buildSettings = {
				ARCHS = "$(ARCHS_STANDARD_32_64_BIT)";
				GCC_C_LANGUAGE_STANDARD = gnu99;
				GCC_WARN_ABOUT_RETURN_TYPE = YES;
				GCC_WARN_UNUSED_VARIABLE = YES;
				PREBINDING = NO;
				SDKROOT = macosx10.6;
			};
			name = Release;
		};
/* End XCBuildConfiguration section */

/* Begin XCConfigurationList section */
		1DEB928508733DD80010E9CD /* Build configuration list for PBXNativeTarget "CurveFitting" */ = {
			isa = XCConfigurationList;
			buildConfigurations = (
				1DEB928608733DD80010E9CD /* Debug */,
				1DEB928708733DD80010E9CD /* Release */,
			);
			defaultConfigurationIsVisible = 0;
			defaultConfigurationName = Release;
		};
		1DEB928908733DD80010E9CD /* Build configuration list for PBXProject "CurveFitting" */ = {
			isa = XCConfigurationList;
			buildConfigurations = (
				1DEB928A08733DD80010E9CD /* Debug */,
				1DEB928B08733DD80010E9CD /* Release */,
			);
			defaultConfigurationIsVisible = 0;
			defaultConfigurationName = Release;
		};
/* End XCConfigurationList section */
	};
	rootObject = 08FB7793FE84155DC02AAC07 /* Project object */;
}
